// !$*UTF8*$!
{
	archiveVersion = 1;
	classes = {
	};
	objectVersion = 77;
	objects = {

/* Begin PBXContainerItemProxy section */
		E893C5EF2CAC411300017541 /* PBXContainerItemProxy */ = {
			isa = PBXContainerItemProxy;
			containerPortal = E893C5D62CAC411200017541 /* Project object */;
			proxyType = 1;
			remoteGlobalIDString = E893C5DD2CAC411200017541;
			remoteInfo = JunkCoverFlowSwiftUI;
		};
		E893C5F92CAC411300017541 /* PBXContainerItemProxy */ = {
			isa = PBXContainerItemProxy;
			containerPortal = E893C5D62CAC411200017541 /* Project object */;
			proxyType = 1;
			remoteGlobalIDString = E893C5DD2CAC411200017541;
			remoteInfo = JunkCoverFlowSwiftUI;
		};
/* End PBXContainerItemProxy section */

/* Begin PBXFileReference section */
		E893C5DE2CAC411200017541 /* JunkCoverFlowSwiftUI.app */ = {isa = PBXFileReference; explicitFileType = wrapper.application; includeInIndex = 0; path = JunkCoverFlowSwiftUI.app; sourceTree = BUILT_PRODUCTS_DIR; };
		E893C5EE2CAC411300017541 /* JunkCoverFlowSwiftUITests.xctest */ = {isa = PBXFileReference; explicitFileType = wrapper.cfbundle; includeInIndex = 0; path = JunkCoverFlowSwiftUITests.xctest; sourceTree = BUILT_PRODUCTS_DIR; };
		E893C5F82CAC411300017541 /* JunkCoverFlowSwiftUIUITests.xctest */ = {isa = PBXFileReference; explicitFileType = wrapper.cfbundle; includeInIndex = 0; path = JunkCoverFlowSwiftUIUITests.xctest; sourceTree = BUILT_PRODUCTS_DIR; };
/* End PBXFileReference section */

/* Begin PBXFileSystemSynchronizedRootGroup section */
		E893C5E02CAC411200017541 /* JunkCoverFlowSwiftUI */ = {
			isa = PBXFileSystemSynchronizedRootGroup;
			path = JunkCoverFlowSwiftUI;
			sourceTree = "<group>";
		};
		E893C5F12CAC411300017541 /* JunkCoverFlowSwiftUITests */ = {
			isa = PBXFileSystemSynchronizedRootGroup;
			path = JunkCoverFlowSwiftUITests;
			sourceTree = "<group>";
		};
		E893C5FB2CAC411300017541 /* JunkCoverFlowSwiftUIUITests */ = {
			isa = PBXFileSystemSynchronizedRootGroup;
			path = JunkCoverFlowSwiftUIUITests;
			sourceTree = "<group>";
		};
/* End PBXFileSystemSynchronizedRootGroup section */

/* Begin PBXFrameworksBuildPhase section */
		E893C5DB2CAC411200017541 /* Frameworks */ = {
			isa = PBXFrameworksBuildPhase;
			buildActionMask = 2147483647;
			files = (
			);
			runOnlyForDeploymentPostprocessing = 0;
		};
		E893C5EB2CAC411300017541 /* Frameworks */ = {
			isa = PBXFrameworksBuildPhase;
			buildActionMask = 2147483647;
			files = (
			);
			runOnlyForDeploymentPostprocessing = 0;
		};
		E893C5F52CAC411300017541 /* Frameworks */ = {
			isa = PBXFrameworksBuildPhase;
			buildActionMask = 2147483647;
			files = (
			);
			runOnlyForDeploymentPostprocessing = 0;
		};
/* End PBXFrameworksBuildPhase section */

/* Begin PBXGroup section */
		E893C5D52CAC411200017541 = {
			isa = PBXGroup;
			children = (
				E893C5E02CAC411200017541 /* JunkCoverFlowSwiftUI */,
				E893C5F12CAC411300017541 /* JunkCoverFlowSwiftUITests */,
				E893C5FB2CAC411300017541 /* JunkCoverFlowSwiftUIUITests */,
				E893C5DF2CAC411200017541 /* Products */,
			);
			sourceTree = "<group>";
		};
		E893C5DF2CAC411200017541 /* Products */ = {
			isa = PBXGroup;
			children = (
				E893C5DE2CAC411200017541 /* JunkCoverFlowSwiftUI.app */,
				E893C5EE2CAC411300017541 /* JunkCoverFlowSwiftUITests.xctest */,
				E893C5F82CAC411300017541 /* JunkCoverFlowSwiftUIUITests.xctest */,
			);
			name = Products;
			sourceTree = "<group>";
		};
/* End PBXGroup section */

/* Begin PBXNativeTarget section */
		E893C5DD2CAC411200017541 /* JunkCoverFlowSwiftUI */ = {
			isa = PBXNativeTarget;
			buildConfigurationList = E893C6022CAC411300017541 /* Build configuration list for PBXNativeTarget "JunkCoverFlowSwiftUI" */;
			buildPhases = (
				E893C5DA2CAC411200017541 /* Sources */,
				E893C5DB2CAC411200017541 /* Frameworks */,
				E893C5DC2CAC411200017541 /* Resources */,
			);
			buildRules = (
			);
			dependencies = (
			);
			fileSystemSynchronizedGroups = (
				E893C5E02CAC411200017541 /* JunkCoverFlowSwiftUI */,
			);
			name = JunkCoverFlowSwiftUI;
			packageProductDependencies = (
			);
			productName = JunkCoverFlowSwiftUI;
			productReference = E893C5DE2CAC411200017541 /* JunkCoverFlowSwiftUI.app */;
			productType = "com.apple.product-type.application";
		};
		E893C5ED2CAC411300017541 /* JunkCoverFlowSwiftUITests */ = {
			isa = PBXNativeTarget;
			buildConfigurationList = E893C6052CAC411300017541 /* Build configuration list for PBXNativeTarget "JunkCoverFlowSwiftUITests" */;
			buildPhases = (
				E893C5EA2CAC411300017541 /* Sources */,
				E893C5EB2CAC411300017541 /* Frameworks */,
				E893C5EC2CAC411300017541 /* Resources */,
			);
			buildRules = (
			);
			dependencies = (
				E893C5F02CAC411300017541 /* PBXTargetDependency */,
			);
			fileSystemSynchronizedGroups = (
				E893C5F12CAC411300017541 /* JunkCoverFlowSwiftUITests */,
			);
			name = JunkCoverFlowSwiftUITests;
			packageProductDependencies = (
			);
			productName = JunkCoverFlowSwiftUITests;
			productReference = E893C5EE2CAC411300017541 /* JunkCoverFlowSwiftUITests.xctest */;
			productType = "com.apple.product-type.bundle.unit-test";
		};
		E893C5F72CAC411300017541 /* JunkCoverFlowSwiftUIUITests */ = {
			isa = PBXNativeTarget;
			buildConfigurationList = E893C6082CAC411300017541 /* Build configuration list for PBXNativeTarget "JunkCoverFlowSwiftUIUITests" */;
			buildPhases = (
				E893C5F42CAC411300017541 /* Sources */,
				E893C5F52CAC411300017541 /* Frameworks */,
				E893C5F62CAC411300017541 /* Resources */,
			);
			buildRules = (
			);
			dependencies = (
				E893C5FA2CAC411300017541 /* PBXTargetDependency */,
			);
			fileSystemSynchronizedGroups = (
				E893C5FB2CAC411300017541 /* JunkCoverFlowSwiftUIUITests */,
			);
			name = JunkCoverFlowSwiftUIUITests;
			packageProductDependencies = (
			);
			productName = JunkCoverFlowSwiftUIUITests;
			productReference = E893C5F82CAC411300017541 /* JunkCoverFlowSwiftUIUITests.xctest */;
			productType = "com.apple.product-type.bundle.ui-testing";
		};
/* End PBXNativeTarget section */

/* Begin PBXProject section */
		E893C5D62CAC411200017541 /* Project object */ = {
			isa = PBXProject;
			attributes = {
				BuildIndependentTargetsInParallel = 1;
				LastSwiftUpdateCheck = 1600;
				LastUpgradeCheck = 1600;
				TargetAttributes = {
					E893C5DD2CAC411200017541 = {
						CreatedOnToolsVersion = 16.0;
					};
					E893C5ED2CAC411300017541 = {
						CreatedOnToolsVersion = 16.0;
						TestTargetID = E893C5DD2CAC411200017541;
					};
					E893C5F72CAC411300017541 = {
						CreatedOnToolsVersion = 16.0;
						TestTargetID = E893C5DD2CAC411200017541;
					};
				};
			};
			buildConfigurationList = E893C5D92CAC411200017541 /* Build configuration list for PBXProject "JunkCoverFlowSwiftUI" */;
			developmentRegion = en;
			hasScannedForEncodings = 0;
			knownRegions = (
				en,
				Base,
			);
			mainGroup = E893C5D52CAC411200017541;
			minimizedProjectReferenceProxies = 1;
			preferredProjectObjectVersion = 77;
			productRefGroup = E893C5DF2CAC411200017541 /* Products */;
			projectDirPath = "";
			projectRoot = "";
			targets = (
				E893C5DD2CAC411200017541 /* JunkCoverFlowSwiftUI */,
				E893C5ED2CAC411300017541 /* JunkCoverFlowSwiftUITests */,
				E893C5F72CAC411300017541 /* JunkCoverFlowSwiftUIUITests */,
			);
		};
/* End PBXProject section */

/* Begin PBXResourcesBuildPhase section */
		E893C5DC2CAC411200017541 /* Resources */ = {
			isa = PBXResourcesBuildPhase;
			buildActionMask = 2147483647;
			files = (
			);
			runOnlyForDeploymentPostprocessing = 0;
		};
		E893C5EC2CAC411300017541 /* Resources */ = {
			isa = PBXResourcesBuildPhase;
			buildActionMask = 2147483647;
			files = (
			);
			runOnlyForDeploymentPostprocessing = 0;
		};
		E893C5F62CAC411300017541 /* Resources */ = {
			isa = PBXResourcesBuildPhase;
			buildActionMask = 2147483647;
			files = (
			);
			runOnlyForDeploymentPostprocessing = 0;
		};
/* End PBXResourcesBuildPhase section */

/* Begin PBXSourcesBuildPhase section */
		E893C5DA2CAC411200017541 /* Sources */ = {
			isa = PBXSourcesBuildPhase;
			buildActionMask = 2147483647;
			files = (
			);
			runOnlyForDeploymentPostprocessing = 0;
		};
		E893C5EA2CAC411300017541 /* Sources */ = {
			isa = PBXSourcesBuildPhase;
			buildActionMask = 2147483647;
			files = (
			);
			runOnlyForDeploymentPostprocessing = 0;
		};
		E893C5F42CAC411300017541 /* Sources */ = {
			isa = PBXSourcesBuildPhase;
			buildActionMask = 2147483647;
			files = (
			);
			runOnlyForDeploymentPostprocessing = 0;
		};
/* End PBXSourcesBuildPhase section */

/* Begin PBXTargetDependency section */
		E893C5F02CAC411300017541 /* PBXTargetDependency */ = {
			isa = PBXTargetDependency;
			target = E893C5DD2CAC411200017541 /* JunkCoverFlowSwiftUI */;
			targetProxy = E893C5EF2CAC411300017541 /* PBXContainerItemProxy */;
		};
		E893C5FA2CAC411300017541 /* PBXTargetDependency */ = {
			isa = PBXTargetDependency;
			target = E893C5DD2CAC411200017541 /* JunkCoverFlowSwiftUI */;
			targetProxy = E893C5F92CAC411300017541 /* PBXContainerItemProxy */;
		};
/* End PBXTargetDependency section */

/* Begin XCBuildConfiguration section */
		E893C6002CAC411300017541 /* Debug */ = {
			isa = XCBuildConfiguration;
			buildSettings = {
				ALWAYS_SEARCH_USER_PATHS = NO;
				ASSETCATALOG_COMPILER_GENERATE_SWIFT_ASSET_SYMBOL_EXTENSIONS = YES;
				CLANG_ANALYZER_NONNULL = YES;
				CLANG_ANALYZER_NUMBER_OBJECT_CONVERSION = YES_AGGRESSIVE;
				CLANG_CXX_LANGUAGE_STANDARD = "gnu++20";
				CLANG_ENABLE_MODULES = YES;
				CLANG_ENABLE_OBJC_ARC = YES;
				CLANG_ENABLE_OBJC_WEAK = YES;
				CLANG_WARN_BLOCK_CAPTURE_AUTORELEASING = YES;
				CLANG_WARN_BOOL_CONVERSION = YES;
				CLANG_WARN_COMMA = YES;
				CLANG_WARN_CONSTANT_CONVERSION = YES;
				CLANG_WARN_DEPRECATED_OBJC_IMPLEMENTATIONS = YES;
				CLANG_WARN_DIRECT_OBJC_ISA_USAGE = YES_ERROR;
				CLANG_WARN_DOCUMENTATION_COMMENTS = YES;
				CLANG_WARN_EMPTY_BODY = YES;
				CLANG_WARN_ENUM_CONVERSION = YES;
				CLANG_WARN_INFINITE_RECURSION = YES;
				CLANG_WARN_INT_CONVERSION = YES;
				CLANG_WARN_NON_LITERAL_NULL_CONVERSION = YES;
				CLANG_WARN_OBJC_IMPLICIT_RETAIN_SELF = YES;
				CLANG_WARN_OBJC_LITERAL_CONVERSION = YES;
				CLANG_WARN_OBJC_ROOT_CLASS = YES_ERROR;
				CLANG_WARN_QUOTED_INCLUDE_IN_FRAMEWORK_HEADER = YES;
				CLANG_WARN_RANGE_LOOP_ANALYSIS = YES;
				CLANG_WARN_STRICT_PROTOTYPES = YES;
				CLANG_WARN_SUSPICIOUS_MOVE = YES;
				CLANG_WARN_UNGUARDED_AVAILABILITY = YES_AGGRESSIVE;
				CLANG_WARN_UNREACHABLE_CODE = YES;
				CLANG_WARN__DUPLICATE_METHOD_MATCH = YES;
				COPY_PHASE_STRIP = NO;
				DEBUG_INFORMATION_FORMAT = dwarf;
				ENABLE_STRICT_OBJC_MSGSEND = YES;
				ENABLE_TESTABILITY = YES;
				ENABLE_USER_SCRIPT_SANDBOXING = YES;
				GCC_C_LANGUAGE_STANDARD = gnu17;
				GCC_DYNAMIC_NO_PIC = NO;
				GCC_NO_COMMON_BLOCKS = YES;
				GCC_OPTIMIZATION_LEVEL = 0;
				GCC_PREPROCESSOR_DEFINITIONS = (
					"DEBUG=1",
					"$(inherited)",
				);
				GCC_WARN_64_TO_32_BIT_CONVERSION = YES;
				GCC_WARN_ABOUT_RETURN_TYPE = YES_ERROR;
				GCC_WARN_UNDECLARED_SELECTOR = YES;
				GCC_WARN_UNINITIALIZED_AUTOS = YES_AGGRESSIVE;
				GCC_WARN_UNUSED_FUNCTION = YES;
				GCC_WARN_UNUSED_VARIABLE = YES;
				IPHONEOS_DEPLOYMENT_TARGET = 18.0;
				LOCALIZATION_PREFERS_STRING_CATALOGS = YES;
				MTL_ENABLE_DEBUG_INFO = INCLUDE_SOURCE;
				MTL_FAST_MATH = YES;
				ONLY_ACTIVE_ARCH = YES;
				SDKROOT = iphoneos;
				SWIFT_ACTIVE_COMPILATION_CONDITIONS = "DEBUG $(inherited)";
				SWIFT_OPTIMIZATION_LEVEL = "-Onone";
			};
			name = Debug;
		};
		E893C6012CAC411300017541 /* Release */ = {
			isa = XCBuildConfiguration;
			buildSettings = {
				ALWAYS_SEARCH_USER_PATHS = NO;
				ASSETCATALOG_COMPILER_GENERATE_SWIFT_ASSET_SYMBOL_EXTENSIONS = YES;
				CLANG_ANALYZER_NONNULL = YES;
				CLANG_ANALYZER_NUMBER_OBJECT_CONVERSION = YES_AGGRESSIVE;
				CLANG_CXX_LANGUAGE_STANDARD = "gnu++20";
				CLANG_ENABLE_MODULES = YES;
				CLANG_ENABLE_OBJC_ARC = YES;
				CLANG_ENABLE_OBJC_WEAK = YES;
				CLANG_WARN_BLOCK_CAPTURE_AUTORELEASING = YES;
				CLANG_WARN_BOOL_CONVERSION = YES;
				CLANG_WARN_COMMA = YES;
				CLANG_WARN_CONSTANT_CONVERSION = YES;
				CLANG_WARN_DEPRECATED_OBJC_IMPLEMENTATIONS = YES;
				CLANG_WARN_DIRECT_OBJC_ISA_USAGE = YES_ERROR;
				CLANG_WARN_DOCUMENTATION_COMMENTS = YES;
				CLANG_WARN_EMPTY_BODY = YES;
				CLANG_WARN_ENUM_CONVERSION = YES;
				CLANG_WARN_INFINITE_RECURSION = YES;
				CLANG_WARN_INT_CONVERSION = YES;
				CLANG_WARN_NON_LITERAL_NULL_CONVERSION = YES;
				CLANG_WARN_OBJC_IMPLICIT_RETAIN_SELF = YES;
				CLANG_WARN_OBJC_LITERAL_CONVERSION = YES;
				CLANG_WARN_OBJC_ROOT_CLASS = YES_ERROR;
				CLANG_WARN_QUOTED_INCLUDE_IN_FRAMEWORK_HEADER = YES;
				CLANG_WARN_RANGE_LOOP_ANALYSIS = YES;
				CLANG_WARN_STRICT_PROTOTYPES = YES;
				CLANG_WARN_SUSPICIOUS_MOVE = YES;
				CLANG_WARN_UNGUARDED_AVAILABILITY = YES_AGGRESSIVE;
				CLANG_WARN_UNREACHABLE_CODE = YES;
				CLANG_WARN__DUPLICATE_METHOD_MATCH = YES;
				COPY_PHASE_STRIP = NO;
				DEBUG_INFORMATION_FORMAT = "dwarf-with-dsym";
				ENABLE_NS_ASSERTIONS = NO;
				ENABLE_STRICT_OBJC_MSGSEND = YES;
				ENABLE_USER_SCRIPT_SANDBOXING = YES;
				GCC_C_LANGUAGE_STANDARD = gnu17;
				GCC_NO_COMMON_BLOCKS = YES;
				GCC_WARN_64_TO_32_BIT_CONVERSION = YES;
				GCC_WARN_ABOUT_RETURN_TYPE = YES_ERROR;
				GCC_WARN_UNDECLARED_SELECTOR = YES;
				GCC_WARN_UNINITIALIZED_AUTOS = YES_AGGRESSIVE;
				GCC_WARN_UNUSED_FUNCTION = YES;
				GCC_WARN_UNUSED_VARIABLE = YES;
				IPHONEOS_DEPLOYMENT_TARGET = 18.0;
				LOCALIZATION_PREFERS_STRING_CATALOGS = YES;
				MTL_ENABLE_DEBUG_INFO = NO;
				MTL_FAST_MATH = YES;
				SDKROOT = iphoneos;
				SWIFT_COMPILATION_MODE = wholemodule;
				VALIDATE_PRODUCT = YES;
			};
			name = Release;
		};
		E893C6032CAC411300017541 /* Debug */ = {
			isa = XCBuildConfiguration;
			buildSettings = {
				ASSETCATALOG_COMPILER_APPICON_NAME = AppIcon;
				ASSETCATALOG_COMPILER_GLOBAL_ACCENT_COLOR_NAME = AccentColor;
				CODE_SIGN_STYLE = Automatic;
				CURRENT_PROJECT_VERSION = 1;
				DEVELOPMENT_ASSET_PATHS = "\"JunkCoverFlowSwiftUI/Preview Content\"";
				ENABLE_PREVIEWS = YES;
				GENERATE_INFOPLIST_FILE = YES;
				INFOPLIST_KEY_UIApplicationSceneManifest_Generation = YES;
				INFOPLIST_KEY_UIApplicationSupportsIndirectInputEvents = YES;
				INFOPLIST_KEY_UILaunchScreen_Generation = YES;
				INFOPLIST_KEY_UISupportedInterfaceOrientations_iPad = "UIInterfaceOrientationPortrait UIInterfaceOrientationPortraitUpsideDown UIInterfaceOrientationLandscapeLeft UIInterfaceOrientationLandscapeRight";
				INFOPLIST_KEY_UISupportedInterfaceOrientations_iPhone = "UIInterfaceOrientationPortrait UIInterfaceOrientationLandscapeLeft UIInterfaceOrientationLandscapeRight";
				LD_RUNPATH_SEARCH_PATHS = (
					"$(inherited)",
					"@executable_path/Frameworks",
				);
				MARKETING_VERSION = 1.0;
				PRODUCT_BUNDLE_IDENTIFIER = com.nick.raptis.shitty.cfl.JunkCoverFlowSwiftUI;
				PRODUCT_NAME = "$(TARGET_NAME)";
				SWIFT_EMIT_LOC_STRINGS = YES;
				SWIFT_VERSION = 5.0;
				TARGETED_DEVICE_FAMILY = "1,2";
			};
			name = Debug;
		};
		E893C6042CAC411300017541 /* Release */ = {
			isa = XCBuildConfiguration;
			buildSettings = {
				ASSETCATALOG_COMPILER_APPICON_NAME = AppIcon;
				ASSETCATALOG_COMPILER_GLOBAL_ACCENT_COLOR_NAME = AccentColor;
				CODE_SIGN_STYLE = Automatic;
				CURRENT_PROJECT_VERSION = 1;
				DEVELOPMENT_ASSET_PATHS = "\"JunkCoverFlowSwiftUI/Preview Content\"";
				ENABLE_PREVIEWS = YES;
				GENERATE_INFOPLIST_FILE = YES;
				INFOPLIST_KEY_UIApplicationSceneManifest_Generation = YES;
				INFOPLIST_KEY_UIApplicationSupportsIndirectInputEvents = YES;
				INFOPLIST_KEY_UILaunchScreen_Generation = YES;
				INFOPLIST_KEY_UISupportedInterfaceOrientations_iPad = "UIInterfaceOrientationPortrait UIInterfaceOrientationPortraitUpsideDown UIInterfaceOrientationLandscapeLeft UIInterfaceOrientationLandscapeRight";
				INFOPLIST_KEY_UISupportedInterfaceOrientations_iPhone = "UIInterfaceOrientationPortrait UIInterfaceOrientationLandscapeLeft UIInterfaceOrientationLandscapeRight";
				LD_RUNPATH_SEARCH_PATHS = (
					"$(inherited)",
					"@executable_path/Frameworks",
				);
				MARKETING_VERSION = 1.0;
				PRODUCT_BUNDLE_IDENTIFIER = com.nick.raptis.shitty.cfl.JunkCoverFlowSwiftUI;
				PRODUCT_NAME = "$(TARGET_NAME)";
				SWIFT_EMIT_LOC_STRINGS = YES;
				SWIFT_VERSION = 5.0;
				TARGETED_DEVICE_FAMILY = "1,2";
			};
			name = Release;
		};
		E893C6062CAC411300017541 /* Debug */ = {
			isa = XCBuildConfiguration;
			buildSettings = {
				BUNDLE_LOADER = "$(TEST_HOST)";
				CODE_SIGN_STYLE = Automatic;
				CURRENT_PROJECT_VERSION = 1;
				GENERATE_INFOPLIST_FILE = YES;
				IPHONEOS_DEPLOYMENT_TARGET = 18.0;
				MARKETING_VERSION = 1.0;
				PRODUCT_BUNDLE_IDENTIFIER = com.nick.raptis.shitty.cfl.JunkCoverFlowSwiftUITests;
				PRODUCT_NAME = "$(TARGET_NAME)";
				SWIFT_EMIT_LOC_STRINGS = NO;
				SWIFT_VERSION = 5.0;
				TARGETED_DEVICE_FAMILY = "1,2";
				TEST_HOST = "$(BUILT_PRODUCTS_DIR)/JunkCoverFlowSwiftUI.app/$(BUNDLE_EXECUTABLE_FOLDER_PATH)/JunkCoverFlowSwiftUI";
			};
			name = Debug;
		};
		E893C6072CAC411300017541 /* Release */ = {
			isa = XCBuildConfiguration;
			buildSettings = {
				BUNDLE_LOADER = "$(TEST_HOST)";
				CODE_SIGN_STYLE = Automatic;
				CURRENT_PROJECT_VERSION = 1;
				GENERATE_INFOPLIST_FILE = YES;
				IPHONEOS_DEPLOYMENT_TARGET = 18.0;
				MARKETING_VERSION = 1.0;
				PRODUCT_BUNDLE_IDENTIFIER = com.nick.raptis.shitty.cfl.JunkCoverFlowSwiftUITests;
				PRODUCT_NAME = "$(TARGET_NAME)";
				SWIFT_EMIT_LOC_STRINGS = NO;
				SWIFT_VERSION = 5.0;
				TARGETED_DEVICE_FAMILY = "1,2";
				TEST_HOST = "$(BUILT_PRODUCTS_DIR)/JunkCoverFlowSwiftUI.app/$(BUNDLE_EXECUTABLE_FOLDER_PATH)/JunkCoverFlowSwiftUI";
			};
			name = Release;
		};
		E893C6092CAC411300017541 /* Debug */ = {
			isa = XCBuildConfiguration;
			buildSettings = {
				CODE_SIGN_STYLE = Automatic;
				CURRENT_PROJECT_VERSION = 1;
				GENERATE_INFOPLIST_FILE = YES;
				MARKETING_VERSION = 1.0;
				PRODUCT_BUNDLE_IDENTIFIER = com.nick.raptis.shitty.cfl.JunkCoverFlowSwiftUIUITests;
				PRODUCT_NAME = "$(TARGET_NAME)";
				SWIFT_EMIT_LOC_STRINGS = NO;
				SWIFT_VERSION = 5.0;
				TARGETED_DEVICE_FAMILY = "1,2";
				TEST_TARGET_NAME = JunkCoverFlowSwiftUI;
			};
			name = Debug;
		};
		E893C60A2CAC411300017541 /* Release */ = {
			isa = XCBuildConfiguration;
			buildSettings = {
				CODE_SIGN_STYLE = Automatic;
				CURRENT_PROJECT_VERSION = 1;
				GENERATE_INFOPLIST_FILE = YES;
				MARKETING_VERSION = 1.0;
				PRODUCT_BUNDLE_IDENTIFIER = com.nick.raptis.shitty.cfl.JunkCoverFlowSwiftUIUITests;
				PRODUCT_NAME = "$(TARGET_NAME)";
				SWIFT_EMIT_LOC_STRINGS = NO;
				SWIFT_VERSION = 5.0;
				TARGETED_DEVICE_FAMILY = "1,2";
				TEST_TARGET_NAME = JunkCoverFlowSwiftUI;
			};
			name = Release;
		};
/* End XCBuildConfiguration section */

/* Begin XCConfigurationList section */
		E893C5D92CAC411200017541 /* Build configuration list for PBXProject "JunkCoverFlowSwiftUI" */ = {
			isa = XCConfigurationList;
			buildConfigurations = (
				E893C6002CAC411300017541 /* Debug */,
				E893C6012CAC411300017541 /* Release */,
			);
			defaultConfigurationIsVisible = 0;
			defaultConfigurationName = Release;
		};
		E893C6022CAC411300017541 /* Build configuration list for PBXNativeTarget "JunkCoverFlowSwiftUI" */ = {
			isa = XCConfigurationList;
			buildConfigurations = (
				E893C6032CAC411300017541 /* Debug */,
				E893C6042CAC411300017541 /* Release */,
			);
			defaultConfigurationIsVisible = 0;
			defaultConfigurationName = Release;
		};
		E893C6052CAC411300017541 /* Build configuration list for PBXNativeTarget "JunkCoverFlowSwiftUITests" */ = {
			isa = XCConfigurationList;
			buildConfigurations = (
				E893C6062CAC411300017541 /* Debug */,
				E893C6072CAC411300017541 /* Release */,
			);
			defaultConfigurationIsVisible = 0;
			defaultConfigurationName = Release;
		};
		E893C6082CAC411300017541 /* Build configuration list for PBXNativeTarget "JunkCoverFlowSwiftUIUITests" */ = {
			isa = XCConfigurationList;
			buildConfigurations = (
				E893C6092CAC411300017541 /* Debug */,
				E893C60A2CAC411300017541 /* Release */,
			);
			defaultConfigurationIsVisible = 0;
			defaultConfigurationName = Release;
		};
/* End XCConfigurationList section */
	};
	rootObject = E893C5D62CAC411200017541 /* Project object */;
}
